// !$*UTF8*$!
{
	archiveVersion = 1;
	classes = {
	};
	objectVersion = 56;
	objects = {

/* Begin PBXBuildFile section */
		0EE51A6A29FC604E00BD1238 /* DessertRecipesApp.swift in Sources */ = {isa = PBXBuildFile; fileRef = 0EE51A6929FC604E00BD1238 /* DessertRecipesApp.swift */; };
		0EE51A6C29FC604E00BD1238 /* ContentView.swift in Sources */ = {isa = PBXBuildFile; fileRef = 0EE51A6B29FC604E00BD1238 /* ContentView.swift */; };
		0EE51A6E29FC604F00BD1238 /* Assets.xcassets in Resources */ = {isa = PBXBuildFile; fileRef = 0EE51A6D29FC604F00BD1238 /* Assets.xcassets */; };
		0EE51A7129FC604F00BD1238 /* Preview Assets.xcassets in Resources */ = {isa = PBXBuildFile; fileRef = 0EE51A7029FC604F00BD1238 /* Preview Assets.xcassets */; };
		0EE51A7B29FC604F00BD1238 /* DessertRecipesTests.swift in Sources */ = {isa = PBXBuildFile; fileRef = 0EE51A7A29FC604F00BD1238 /* DessertRecipesTests.swift */; };
		0EE51A8529FC605000BD1238 /* DessertRecipesUITests.swift in Sources */ = {isa = PBXBuildFile; fileRef = 0EE51A8429FC605000BD1238 /* DessertRecipesUITests.swift */; };
		0EE51A8729FC605000BD1238 /* DessertRecipesUITestsLaunchTests.swift in Sources */ = {isa = PBXBuildFile; fileRef = 0EE51A8629FC605000BD1238 /* DessertRecipesUITestsLaunchTests.swift */; };
/* End PBXBuildFile section */

/* Begin PBXContainerItemProxy section */
		0EE51A7729FC604F00BD1238 /* PBXContainerItemProxy */ = {
			isa = PBXContainerItemProxy;
			containerPortal = 0EE51A5E29FC604E00BD1238 /* Project object */;
			proxyType = 1;
			remoteGlobalIDString = 0EE51A6529FC604E00BD1238;
			remoteInfo = DessertRecipes;
		};
		0EE51A8129FC605000BD1238 /* PBXContainerItemProxy */ = {
			isa = PBXContainerItemProxy;
			containerPortal = 0EE51A5E29FC604E00BD1238 /* Project object */;
			proxyType = 1;
			remoteGlobalIDString = 0EE51A6529FC604E00BD1238;
			remoteInfo = DessertRecipes;
		};
/* End PBXContainerItemProxy section */

/* Begin PBXFileReference section */
		0EE51A6629FC604E00BD1238 /* DessertRecipes.app */ = {isa = PBXFileReference; explicitFileType = wrapper.application; includeInIndex = 0; path = DessertRecipes.app; sourceTree = BUILT_PRODUCTS_DIR; };
		0EE51A6929FC604E00BD1238 /* DessertRecipesApp.swift */ = {isa = PBXFileReference; lastKnownFileType = sourcecode.swift; path = DessertRecipesApp.swift; sourceTree = "<group>"; };
		0EE51A6B29FC604E00BD1238 /* ContentView.swift */ = {isa = PBXFileReference; lastKnownFileType = sourcecode.swift; path = ContentView.swift; sourceTree = "<group>"; };
		0EE51A6D29FC604F00BD1238 /* Assets.xcassets */ = {isa = PBXFileReference; lastKnownFileType = folder.assetcatalog; path = Assets.xcassets; sourceTree = "<group>"; };
		0EE51A7029FC604F00BD1238 /* Preview Assets.xcassets */ = {isa = PBXFileReference; lastKnownFileType = folder.assetcatalog; path = "Preview Assets.xcassets"; sourceTree = "<group>"; };
		0EE51A7629FC604F00BD1238 /* DessertRecipesTests.xctest */ = {isa = PBXFileReference; explicitFileType = wrapper.cfbundle; includeInIndex = 0; path = DessertRecipesTests.xctest; sourceTree = BUILT_PRODUCTS_DIR; };
		0EE51A7A29FC604F00BD1238 /* DessertRecipesTests.swift */ = {isa = PBXFileReference; lastKnownFileType = sourcecode.swift; path = DessertRecipesTests.swift; sourceTree = "<group>"; };
		0EE51A8029FC605000BD1238 /* DessertRecipesUITests.xctest */ = {isa = PBXFileReference; explicitFileType = wrapper.cfbundle; includeInIndex = 0; path = DessertRecipesUITests.xctest; sourceTree = BUILT_PRODUCTS_DIR; };
		0EE51A8429FC605000BD1238 /* DessertRecipesUITests.swift */ = {isa = PBXFileReference; lastKnownFileType = sourcecode.swift; path = DessertRecipesUITests.swift; sourceTree = "<group>"; };
		0EE51A8629FC605000BD1238 /* DessertRecipesUITestsLaunchTests.swift */ = {isa = PBXFileReference; lastKnownFileType = sourcecode.swift; path = DessertRecipesUITestsLaunchTests.swift; sourceTree = "<group>"; };
/* End PBXFileReference section */

/* Begin PBXFrameworksBuildPhase section */
		0EE51A6329FC604E00BD1238 /* Frameworks */ = {
			isa = PBXFrameworksBuildPhase;
			buildActionMask = 2147483647;
			files = (
			);
			runOnlyForDeploymentPostprocessing = 0;
		};
		0EE51A7329FC604F00BD1238 /* Frameworks */ = {
			isa = PBXFrameworksBuildPhase;
			buildActionMask = 2147483647;
			files = (
			);
			runOnlyForDeploymentPostprocessing = 0;
		};
		0EE51A7D29FC605000BD1238 /* Frameworks */ = {
			isa = PBXFrameworksBuildPhase;
			buildActionMask = 2147483647;
			files = (
			);
			runOnlyForDeploymentPostprocessing = 0;
		};
/* End PBXFrameworksBuildPhase section */

/* Begin PBXGroup section */
		0EE51A5D29FC604E00BD1238 = {
			isa = PBXGroup;
			children = (
				0EE51A6829FC604E00BD1238 /* DessertRecipes */,
				0EE51A7929FC604F00BD1238 /* DessertRecipesTests */,
				0EE51A8329FC605000BD1238 /* DessertRecipesUITests */,
				0EE51A6729FC604E00BD1238 /* Products */,
			);
			sourceTree = "<group>";
		};
		0EE51A6729FC604E00BD1238 /* Products */ = {
			isa = PBXGroup;
			children = (
				0EE51A6629FC604E00BD1238 /* DessertRecipes.app */,
				0EE51A7629FC604F00BD1238 /* DessertRecipesTests.xctest */,
				0EE51A8029FC605000BD1238 /* DessertRecipesUITests.xctest */,
			);
			name = Products;
			sourceTree = "<group>";
		};
		0EE51A6829FC604E00BD1238 /* DessertRecipes */ = {
			isa = PBXGroup;
			children = (
				0EE51A6929FC604E00BD1238 /* DessertRecipesApp.swift */,
				0EE51A6B29FC604E00BD1238 /* ContentView.swift */,
				0EE51A6D29FC604F00BD1238 /* Assets.xcassets */,
				0EE51A6F29FC604F00BD1238 /* Preview Content */,
			);
			path = DessertRecipes;
			sourceTree = "<group>";
		};
		0EE51A6F29FC604F00BD1238 /* Preview Content */ = {
			isa = PBXGroup;
			children = (
				0EE51A7029FC604F00BD1238 /* Preview Assets.xcassets */,
			);
			path = "Preview Content";
			sourceTree = "<group>";
		};
		0EE51A7929FC604F00BD1238 /* DessertRecipesTests */ = {
			isa = PBXGroup;
			children = (
				0EE51A7A29FC604F00BD1238 /* DessertRecipesTests.swift */,
			);
			path = DessertRecipesTests;
			sourceTree = "<group>";
		};
		0EE51A8329FC605000BD1238 /* DessertRecipesUITests */ = {
			isa = PBXGroup;
			children = (
				0EE51A8429FC605000BD1238 /* DessertRecipesUITests.swift */,
				0EE51A8629FC605000BD1238 /* DessertRecipesUITestsLaunchTests.swift */,
			);
			path = DessertRecipesUITests;
			sourceTree = "<group>";
		};
/* End PBXGroup section */

/* Begin PBXNativeTarget section */
		0EE51A6529FC604E00BD1238 /* DessertRecipes */ = {
			isa = PBXNativeTarget;
			buildConfigurationList = 0EE51A8A29FC605000BD1238 /* Build configuration list for PBXNativeTarget "DessertRecipes" */;
			buildPhases = (
				0EE51A6229FC604E00BD1238 /* Sources */,
				0EE51A6329FC604E00BD1238 /* Frameworks */,
				0EE51A6429FC604E00BD1238 /* Resources */,
			);
			buildRules = (
			);
			dependencies = (
			);
			name = DessertRecipes;
			productName = DessertRecipes;
			productReference = 0EE51A6629FC604E00BD1238 /* DessertRecipes.app */;
			productType = "com.apple.product-type.application";
		};
		0EE51A7529FC604F00BD1238 /* DessertRecipesTests */ = {
			isa = PBXNativeTarget;
			buildConfigurationList = 0EE51A8D29FC605000BD1238 /* Build configuration list for PBXNativeTarget "DessertRecipesTests" */;
			buildPhases = (
				0EE51A7229FC604F00BD1238 /* Sources */,
				0EE51A7329FC604F00BD1238 /* Frameworks */,
				0EE51A7429FC604F00BD1238 /* Resources */,
			);
			buildRules = (
			);
			dependencies = (
				0EE51A7829FC604F00BD1238 /* PBXTargetDependency */,
			);
			name = DessertRecipesTests;
			productName = DessertRecipesTests;
			productReference = 0EE51A7629FC604F00BD1238 /* DessertRecipesTests.xctest */;
			productType = "com.apple.product-type.bundle.unit-test";
		};
		0EE51A7F29FC605000BD1238 /* DessertRecipesUITests */ = {
			isa = PBXNativeTarget;
			buildConfigurationList = 0EE51A9029FC605000BD1238 /* Build configuration list for PBXNativeTarget "DessertRecipesUITests" */;
			buildPhases = (
				0EE51A7C29FC605000BD1238 /* Sources */,
				0EE51A7D29FC605000BD1238 /* Frameworks */,
				0EE51A7E29FC605000BD1238 /* Resources */,
			);
			buildRules = (
			);
			dependencies = (
				0EE51A8229FC605000BD1238 /* PBXTargetDependency */,
			);
			name = DessertRecipesUITests;
			productName = DessertRecipesUITests;
			productReference = 0EE51A8029FC605000BD1238 /* DessertRecipesUITests.xctest */;
			productType = "com.apple.product-type.bundle.ui-testing";
		};
/* End PBXNativeTarget section */

/* Begin PBXProject section */
		0EE51A5E29FC604E00BD1238 /* Project object */ = {
			isa = PBXProject;
			attributes = {
				BuildIndependentTargetsInParallel = 1;
				LastSwiftUpdateCheck = 1430;
				LastUpgradeCheck = 1430;
				TargetAttributes = {
					0EE51A6529FC604E00BD1238 = {
						CreatedOnToolsVersion = 14.3;
					};
					0EE51A7529FC604F00BD1238 = {
						CreatedOnToolsVersion = 14.3;
						TestTargetID = 0EE51A6529FC604E00BD1238;
					};
					0EE51A7F29FC605000BD1238 = {
						CreatedOnToolsVersion = 14.3;
						TestTargetID = 0EE51A6529FC604E00BD1238;
					};
				};
			};
			buildConfigurationList = 0EE51A6129FC604E00BD1238 /* Build configuration list for PBXProject "DessertRecipes" */;
			compatibilityVersion = "Xcode 14.0";
			developmentRegion = en;
			hasScannedForEncodings = 0;
			knownRegions = (
				en,
				Base,
			);
			mainGroup = 0EE51A5D29FC604E00BD1238;
			productRefGroup = 0EE51A6729FC604E00BD1238 /* Products */;
			projectDirPath = "";
			projectRoot = "";
			targets = (
				0EE51A6529FC604E00BD1238 /* DessertRecipes */,
				0EE51A7529FC604F00BD1238 /* DessertRecipesTests */,
				0EE51A7F29FC605000BD1238 /* DessertRecipesUITests */,
			);
		};
/* End PBXProject section */

/* Begin PBXResourcesBuildPhase section */
		0EE51A6429FC604E00BD1238 /* Resources */ = {
			isa = PBXResourcesBuildPhase;
			buildActionMask = 2147483647;
			files = (
				0EE51A7129FC604F00BD1238 /* Preview Assets.xcassets in Resources */,
				0EE51A6E29FC604F00BD1238 /* Assets.xcassets in Resources */,
			);
			runOnlyForDeploymentPostprocessing = 0;
		};
		0EE51A7429FC604F00BD1238 /* Resources */ = {
			isa = PBXResourcesBuildPhase;
			buildActionMask = 2147483647;
			files = (
			);
			runOnlyForDeploymentPostprocessing = 0;
		};
		0EE51A7E29FC605000BD1238 /* Resources */ = {
			isa = PBXResourcesBuildPhase;
			buildActionMask = 2147483647;
			files = (
			);
			runOnlyForDeploymentPostprocessing = 0;
		};
/* End PBXResourcesBuildPhase section */

/* Begin PBXSourcesBuildPhase section */
		0EE51A6229FC604E00BD1238 /* Sources */ = {
			isa = PBXSourcesBuildPhase;
			buildActionMask = 2147483647;
			files = (
				0EE51A6C29FC604E00BD1238 /* ContentView.swift in Sources */,
				0EE51A6A29FC604E00BD1238 /* DessertRecipesApp.swift in Sources */,
			);
			runOnlyForDeploymentPostprocessing = 0;
		};
		0EE51A7229FC604F00BD1238 /* Sources */ = {
			isa = PBXSourcesBuildPhase;
			buildActionMask = 2147483647;
			files = (
				0EE51A7B29FC604F00BD1238 /* DessertRecipesTests.swift in Sources */,
			);
			runOnlyForDeploymentPostprocessing = 0;
		};
		0EE51A7C29FC605000BD1238 /* Sources */ = {
			isa = PBXSourcesBuildPhase;
			buildActionMask = 2147483647;
			files = (
				0EE51A8529FC605000BD1238 /* DessertRecipesUITests.swift in Sources */,
				0EE51A8729FC605000BD1238 /* DessertRecipesUITestsLaunchTests.swift in Sources */,
			);
			runOnlyForDeploymentPostprocessing = 0;
		};
/* End PBXSourcesBuildPhase section */

/* Begin PBXTargetDependency section */
		0EE51A7829FC604F00BD1238 /* PBXTargetDependency */ = {
			isa = PBXTargetDependency;
			target = 0EE51A6529FC604E00BD1238 /* DessertRecipes */;
			targetProxy = 0EE51A7729FC604F00BD1238 /* PBXContainerItemProxy */;
		};
		0EE51A8229FC605000BD1238 /* PBXTargetDependency */ = {
			isa = PBXTargetDependency;
			target = 0EE51A6529FC604E00BD1238 /* DessertRecipes */;
			targetProxy = 0EE51A8129FC605000BD1238 /* PBXContainerItemProxy */;
		};
/* End PBXTargetDependency section */

/* Begin XCBuildConfiguration section */
		0EE51A8829FC605000BD1238 /* Debug */ = {
			isa = XCBuildConfiguration;
			buildSettings = {
				ALWAYS_SEARCH_USER_PATHS = NO;
				CLANG_ANALYZER_NONNULL = YES;
				CLANG_ANALYZER_NUMBER_OBJECT_CONVERSION = YES_AGGRESSIVE;
				CLANG_CXX_LANGUAGE_STANDARD = "gnu++20";
				CLANG_ENABLE_MODULES = YES;
				CLANG_ENABLE_OBJC_ARC = YES;
				CLANG_ENABLE_OBJC_WEAK = YES;
				CLANG_WARN_BLOCK_CAPTURE_AUTORELEASING = YES;
				CLANG_WARN_BOOL_CONVERSION = YES;
				CLANG_WARN_COMMA = YES;
				CLANG_WARN_CONSTANT_CONVERSION = YES;
				CLANG_WARN_DEPRECATED_OBJC_IMPLEMENTATIONS = YES;
				CLANG_WARN_DIRECT_OBJC_ISA_USAGE = YES_ERROR;
				CLANG_WARN_DOCUMENTATION_COMMENTS = YES;
				CLANG_WARN_EMPTY_BODY = YES;
				CLANG_WARN_ENUM_CONVERSION = YES;
				CLANG_WARN_INFINITE_RECURSION = YES;
				CLANG_WARN_INT_CONVERSION = YES;
				CLANG_WARN_NON_LITERAL_NULL_CONVERSION = YES;
				CLANG_WARN_OBJC_IMPLICIT_RETAIN_SELF = YES;
				CLANG_WARN_OBJC_LITERAL_CONVERSION = YES;
				CLANG_WARN_OBJC_ROOT_CLASS = YES_ERROR;
				CLANG_WARN_QUOTED_INCLUDE_IN_FRAMEWORK_HEADER = YES;
				CLANG_WARN_RANGE_LOOP_ANALYSIS = YES;
				CLANG_WARN_STRICT_PROTOTYPES = YES;
				CLANG_WARN_SUSPICIOUS_MOVE = YES;
				CLANG_WARN_UNGUARDED_AVAILABILITY = YES_AGGRESSIVE;
				CLANG_WARN_UNREACHABLE_CODE = YES;
				CLANG_WARN__DUPLICATE_METHOD_MATCH = YES;
				COPY_PHASE_STRIP = NO;
				DEBUG_INFORMATION_FORMAT = dwarf;
				ENABLE_STRICT_OBJC_MSGSEND = YES;
				ENABLE_TESTABILITY = YES;
				GCC_C_LANGUAGE_STANDARD = gnu11;
				GCC_DYNAMIC_NO_PIC = NO;
				GCC_NO_COMMON_BLOCKS = YES;
				GCC_OPTIMIZATION_LEVEL = 0;
				GCC_PREPROCESSOR_DEFINITIONS = (
					"DEBUG=1",
					"$(inherited)",
				);
				GCC_WARN_64_TO_32_BIT_CONVERSION = YES;
				GCC_WARN_ABOUT_RETURN_TYPE = YES_ERROR;
				GCC_WARN_UNDECLARED_SELECTOR = YES;
				GCC_WARN_UNINITIALIZED_AUTOS = YES_AGGRESSIVE;
				GCC_WARN_UNUSED_FUNCTION = YES;
				GCC_WARN_UNUSED_VARIABLE = YES;
				IPHONEOS_DEPLOYMENT_TARGET = 16.4;
				MTL_ENABLE_DEBUG_INFO = INCLUDE_SOURCE;
				MTL_FAST_MATH = YES;
				ONLY_ACTIVE_ARCH = YES;
				SDKROOT = iphoneos;
				SWIFT_ACTIVE_COMPILATION_CONDITIONS = DEBUG;
				SWIFT_OPTIMIZATION_LEVEL = "-Onone";
			};
			name = Debug;
		};
		0EE51A8929FC605000BD1238 /* Release */ = {
			isa = XCBuildConfiguration;
			buildSettings = {
				ALWAYS_SEARCH_USER_PATHS = NO;
				CLANG_ANALYZER_NONNULL = YES;
				CLANG_ANALYZER_NUMBER_OBJECT_CONVERSION = YES_AGGRESSIVE;
				CLANG_CXX_LANGUAGE_STANDARD = "gnu++20";
				CLANG_ENABLE_MODULES = YES;
				CLANG_ENABLE_OBJC_ARC = YES;
				CLANG_ENABLE_OBJC_WEAK = YES;
				CLANG_WARN_BLOCK_CAPTURE_AUTORELEASING = YES;
				CLANG_WARN_BOOL_CONVERSION = YES;
				CLANG_WARN_COMMA = YES;
				CLANG_WARN_CONSTANT_CONVERSION = YES;
				CLANG_WARN_DEPRECATED_OBJC_IMPLEMENTATIONS = YES;
				CLANG_WARN_DIRECT_OBJC_ISA_USAGE = YES_ERROR;
				CLANG_WARN_DOCUMENTATION_COMMENTS = YES;
				CLANG_WARN_EMPTY_BODY = YES;
				CLANG_WARN_ENUM_CONVERSION = YES;
				CLANG_WARN_INFINITE_RECURSION = YES;
				CLANG_WARN_INT_CONVERSION = YES;
				CLANG_WARN_NON_LITERAL_NULL_CONVERSION = YES;
				CLANG_WARN_OBJC_IMPLICIT_RETAIN_SELF = YES;
				CLANG_WARN_OBJC_LITERAL_CONVERSION = YES;
				CLANG_WARN_OBJC_ROOT_CLASS = YES_ERROR;
				CLANG_WARN_QUOTED_INCLUDE_IN_FRAMEWORK_HEADER = YES;
				CLANG_WARN_RANGE_LOOP_ANALYSIS = YES;
				CLANG_WARN_STRICT_PROTOTYPES = YES;
				CLANG_WARN_SUSPICIOUS_MOVE = YES;
				CLANG_WARN_UNGUARDED_AVAILABILITY = YES_AGGRESSIVE;
				CLANG_WARN_UNREACHABLE_CODE = YES;
				CLANG_WARN__DUPLICATE_METHOD_MATCH = YES;
				COPY_PHASE_STRIP = NO;
				DEBUG_INFORMATION_FORMAT = "dwarf-with-dsym";
				ENABLE_NS_ASSERTIONS = NO;
				ENABLE_STRICT_OBJC_MSGSEND = YES;
				GCC_C_LANGUAGE_STANDARD = gnu11;
				GCC_NO_COMMON_BLOCKS = YES;
				GCC_WARN_64_TO_32_BIT_CONVERSION = YES;
				GCC_WARN_ABOUT_RETURN_TYPE = YES_ERROR;
				GCC_WARN_UNDECLARED_SELECTOR = YES;
				GCC_WARN_UNINITIALIZED_AUTOS = YES_AGGRESSIVE;
				GCC_WARN_UNUSED_FUNCTION = YES;
				GCC_WARN_UNUSED_VARIABLE = YES;
				IPHONEOS_DEPLOYMENT_TARGET = 16.4;
				MTL_ENABLE_DEBUG_INFO = NO;
				MTL_FAST_MATH = YES;
				SDKROOT = iphoneos;
				SWIFT_COMPILATION_MODE = wholemodule;
				SWIFT_OPTIMIZATION_LEVEL = "-O";
				VALIDATE_PRODUCT = YES;
			};
			name = Release;
		};
		0EE51A8B29FC605000BD1238 /* Debug */ = {
			isa = XCBuildConfiguration;
			buildSettings = {
				ASSETCATALOG_COMPILER_APPICON_NAME = AppIcon;
				ASSETCATALOG_COMPILER_GLOBAL_ACCENT_COLOR_NAME = AccentColor;
				CODE_SIGN_STYLE = Automatic;
				CURRENT_PROJECT_VERSION = 1;
				DEVELOPMENT_ASSET_PATHS = "\"DessertRecipes/Preview Content\"";
				DEVELOPMENT_TEAM = 23DCKQ2G84;
				ENABLE_PREVIEWS = YES;
				GENERATE_INFOPLIST_FILE = YES;
				INFOPLIST_KEY_UIApplicationSceneManifest_Generation = YES;
				INFOPLIST_KEY_UIApplicationSupportsIndirectInputEvents = YES;
				INFOPLIST_KEY_UILaunchScreen_Generation = YES;
				INFOPLIST_KEY_UISupportedInterfaceOrientations_iPad = "UIInterfaceOrientationPortrait UIInterfaceOrientationPortraitUpsideDown UIInterfaceOrientationLandscapeLeft UIInterfaceOrientationLandscapeRight";
				INFOPLIST_KEY_UISupportedInterfaceOrientations_iPhone = "UIInterfaceOrientationPortrait UIInterfaceOrientationLandscapeLeft UIInterfaceOrientationLandscapeRight";
				LD_RUNPATH_SEARCH_PATHS = (
					"$(inherited)",
					"@executable_path/Frameworks",
				);
				MARKETING_VERSION = 1.0;
				PRODUCT_BUNDLE_IDENTIFIER = com.fetch.DessertRecipes;
				PRODUCT_NAME = "$(TARGET_NAME)";
				SWIFT_EMIT_LOC_STRINGS = YES;
				SWIFT_VERSION = 5.0;
				TARGETED_DEVICE_FAMILY = "1,2";
			};
			name = Debug;
		};
		0EE51A8C29FC605000BD1238 /* Release */ = {
			isa = XCBuildConfiguration;
			buildSettings = {
				ASSETCATALOG_COMPILER_APPICON_NAME = AppIcon;
				ASSETCATALOG_COMPILER_GLOBAL_ACCENT_COLOR_NAME = AccentColor;
				CODE_SIGN_STYLE = Automatic;
				CURRENT_PROJECT_VERSION = 1;
				DEVELOPMENT_ASSET_PATHS = "\"DessertRecipes/Preview Content\"";
				DEVELOPMENT_TEAM = 23DCKQ2G84;
				ENABLE_PREVIEWS = YES;
				GENERATE_INFOPLIST_FILE = YES;
				INFOPLIST_KEY_UIApplicationSceneManifest_Generation = YES;
				INFOPLIST_KEY_UIApplicationSupportsIndirectInputEvents = YES;
				INFOPLIST_KEY_UILaunchScreen_Generation = YES;
				INFOPLIST_KEY_UISupportedInterfaceOrientations_iPad = "UIInterfaceOrientationPortrait UIInterfaceOrientationPortraitUpsideDown UIInterfaceOrientationLandscapeLeft UIInterfaceOrientationLandscapeRight";
				INFOPLIST_KEY_UISupportedInterfaceOrientations_iPhone = "UIInterfaceOrientationPortrait UIInterfaceOrientationLandscapeLeft UIInterfaceOrientationLandscapeRight";
				LD_RUNPATH_SEARCH_PATHS = (
					"$(inherited)",
					"@executable_path/Frameworks",
				);
				MARKETING_VERSION = 1.0;
				PRODUCT_BUNDLE_IDENTIFIER = com.fetch.DessertRecipes;
				PRODUCT_NAME = "$(TARGET_NAME)";
				SWIFT_EMIT_LOC_STRINGS = YES;
				SWIFT_VERSION = 5.0;
				TARGETED_DEVICE_FAMILY = "1,2";
			};
			name = Release;
		};
		0EE51A8E29FC605000BD1238 /* Debug */ = {
			isa = XCBuildConfiguration;
			buildSettings = {
				ALWAYS_EMBED_SWIFT_STANDARD_LIBRARIES = YES;
				BUNDLE_LOADER = "$(TEST_HOST)";
				CODE_SIGN_STYLE = Automatic;
				CURRENT_PROJECT_VERSION = 1;
				DEVELOPMENT_TEAM = 23DCKQ2G84;
				GENERATE_INFOPLIST_FILE = YES;
				IPHONEOS_DEPLOYMENT_TARGET = 16.4;
				MARKETING_VERSION = 1.0;
				PRODUCT_BUNDLE_IDENTIFIER = com.fetch.DessertRecipesTests;
				PRODUCT_NAME = "$(TARGET_NAME)";
				SWIFT_EMIT_LOC_STRINGS = NO;
				SWIFT_VERSION = 5.0;
				TARGETED_DEVICE_FAMILY = "1,2";
				TEST_HOST = "$(BUILT_PRODUCTS_DIR)/DessertRecipes.app/$(BUNDLE_EXECUTABLE_FOLDER_PATH)/DessertRecipes";
			};
			name = Debug;
		};
		0EE51A8F29FC605000BD1238 /* Release */ = {
			isa = XCBuildConfiguration;
			buildSettings = {
				ALWAYS_EMBED_SWIFT_STANDARD_LIBRARIES = YES;
				BUNDLE_LOADER = "$(TEST_HOST)";
				CODE_SIGN_STYLE = Automatic;
				CURRENT_PROJECT_VERSION = 1;
				DEVELOPMENT_TEAM = 23DCKQ2G84;
				GENERATE_INFOPLIST_FILE = YES;
				IPHONEOS_DEPLOYMENT_TARGET = 16.4;
				MARKETING_VERSION = 1.0;
				PRODUCT_BUNDLE_IDENTIFIER = com.fetch.DessertRecipesTests;
				PRODUCT_NAME = "$(TARGET_NAME)";
				SWIFT_EMIT_LOC_STRINGS = NO;
				SWIFT_VERSION = 5.0;
				TARGETED_DEVICE_FAMILY = "1,2";
				TEST_HOST = "$(BUILT_PRODUCTS_DIR)/DessertRecipes.app/$(BUNDLE_EXECUTABLE_FOLDER_PATH)/DessertRecipes";
			};
			name = Release;
		};
		0EE51A9129FC605000BD1238 /* Debug */ = {
			isa = XCBuildConfiguration;
			buildSettings = {
				ALWAYS_EMBED_SWIFT_STANDARD_LIBRARIES = YES;
				CODE_SIGN_STYLE = Automatic;
				CURRENT_PROJECT_VERSION = 1;
				DEVELOPMENT_TEAM = 23DCKQ2G84;
				GENERATE_INFOPLIST_FILE = YES;
				MARKETING_VERSION = 1.0;
				PRODUCT_BUNDLE_IDENTIFIER = com.fetch.DessertRecipesUITests;
				PRODUCT_NAME = "$(TARGET_NAME)";
				SWIFT_EMIT_LOC_STRINGS = NO;
				SWIFT_VERSION = 5.0;
				TARGETED_DEVICE_FAMILY = "1,2";
				TEST_TARGET_NAME = DessertRecipes;
			};
			name = Debug;
		};
		0EE51A9229FC605000BD1238 /* Release */ = {
			isa = XCBuildConfiguration;
			buildSettings = {
				ALWAYS_EMBED_SWIFT_STANDARD_LIBRARIES = YES;
				CODE_SIGN_STYLE = Automatic;
				CURRENT_PROJECT_VERSION = 1;
				DEVELOPMENT_TEAM = 23DCKQ2G84;
				GENERATE_INFOPLIST_FILE = YES;
				MARKETING_VERSION = 1.0;
				PRODUCT_BUNDLE_IDENTIFIER = com.fetch.DessertRecipesUITests;
				PRODUCT_NAME = "$(TARGET_NAME)";
				SWIFT_EMIT_LOC_STRINGS = NO;
				SWIFT_VERSION = 5.0;
				TARGETED_DEVICE_FAMILY = "1,2";
				TEST_TARGET_NAME = DessertRecipes;
			};
			name = Release;
		};
/* End XCBuildConfiguration section */

/* Begin XCConfigurationList section */
		0EE51A6129FC604E00BD1238 /* Build configuration list for PBXProject "DessertRecipes" */ = {
			isa = XCConfigurationList;
			buildConfigurations = (
				0EE51A8829FC605000BD1238 /* Debug */,
				0EE51A8929FC605000BD1238 /* Release */,
			);
			defaultConfigurationIsVisible = 0;
			defaultConfigurationName = Release;
		};
		0EE51A8A29FC605000BD1238 /* Build configuration list for PBXNativeTarget "DessertRecipes" */ = {
			isa = XCConfigurationList;
			buildConfigurations = (
				0EE51A8B29FC605000BD1238 /* Debug */,
				0EE51A8C29FC605000BD1238 /* Release */,
			);
			defaultConfigurationIsVisible = 0;
			defaultConfigurationName = Release;
		};
		0EE51A8D29FC605000BD1238 /* Build configuration list for PBXNativeTarget "DessertRecipesTests" */ = {
			isa = XCConfigurationList;
			buildConfigurations = (
				0EE51A8E29FC605000BD1238 /* Debug */,
				0EE51A8F29FC605000BD1238 /* Release */,
			);
			defaultConfigurationIsVisible = 0;
			defaultConfigurationName = Release;
		};
		0EE51A9029FC605000BD1238 /* Build configuration list for PBXNativeTarget "DessertRecipesUITests" */ = {
			isa = XCConfigurationList;
			buildConfigurations = (
				0EE51A9129FC605000BD1238 /* Debug */,
				0EE51A9229FC605000BD1238 /* Release */,
			);
			defaultConfigurationIsVisible = 0;
			defaultConfigurationName = Release;
		};
/* End XCConfigurationList section */
	};
	rootObject = 0EE51A5E29FC604E00BD1238 /* Project object */;
}
